
Microsoft Visual Studio Solution File, Format Version 12.00
# Visual Studio Version 16
VisualStudioVersion = 16.0.30804.86
MinimumVisualStudioVersion = 10.0.40219.1
Project("{9A19103F-16F7-4668-BE54-9A1E7A4F7556}") = "KampÖdevlerim", "KampÖdevlerim\KampÖdevlerim.csproj", "{B4113137-BE7F-42DD-82BA-96A2616588D1}"
EndProject
Project("{FAE04EC0-301F-11D3-BF4B-00C04F79EFBC}") = "ClassMetotDemo", "ClassMetotDemo\ClassMetotDemo.csproj", "{01947DDB-300E-471A-B5F8-4938280AF998}"
EndProject
Global
	GlobalSection(SolutionConfigurationPlatforms) = preSolution
		Debug|Any CPU = Debug|Any CPU
		Release|Any CPU = Release|Any CPU
	EndGlobalSection
	GlobalSection(ProjectConfigurationPlatforms) = postSolution
		{B4113137-BE7F-42DD-82BA-96A2616588D1}.Debug|Any CPU.ActiveCfg = Debug|Any CPU
		{B4113137-BE7F-42DD-82BA-96A2616588D1}.Debug|Any CPU.Build.0 = Debug|Any CPU
		{B4113137-BE7F-42DD-82BA-96A2616588D1}.Release|Any CPU.ActiveCfg = Release|Any CPU
		{B4113137-BE7F-42DD-82BA-96A2616588D1}.Release|Any CPU.Build.0 = Release|Any CPU
		{01947DDB-300E-471A-B5F8-4938280AF998}.Debug|Any CPU.ActiveCfg = Debug|Any CPU
		{01947DDB-300E-471A-B5F8-4938280AF998}.Debug|Any CPU.Build.0 = Debug|Any CPU
		{01947DDB-300E-471A-B5F8-4938280AF998}.Release|Any CPU.ActiveCfg = Release|Any CPU
		{01947DDB-300E-471A-B5F8-4938280AF998}.Release|Any CPU.Build.0 = Release|Any CPU
	EndGlobalSection
	GlobalSection(SolutionProperties) = preSolution
		HideSolutionNode = FALSE
	EndGlobalSection
	GlobalSection(ExtensibilityGlobals) = postSolution
		SolutionGuid = {B0BBC1EC-F981-4E36-9537-B9E0AC8B64EF}
	EndGlobalSection
EndGlobal
